
Microsoft Visual Studio Solution File, Format Version 12.00
# Visual Studio Version 17
VisualStudioVersion = 17.11.35208.52
MinimumVisualStudioVersion = 10.0.40219.1
Project("{FAE04EC0-301F-11D3-BF4B-00C04F79EFBC}") = "ButikV3", "ButikV3.csproj", "{99599640-1833-4345-B1B4-3C52A1B93C1B}"
EndProject
Global
	GlobalSection(SolutionConfigurationPlatforms) = preSolution
		Debug|Any CPU = Debug|Any CPU
		Release|Any CPU = Release|Any CPU
	EndGlobalSection
	GlobalSection(ProjectConfigurationPlatforms) = postSolution
		{99599640-1833-4345-B1B4-3C52A1B93C1B}.Debug|Any CPU.ActiveCfg = Debug|Any CPU
		{99599640-1833-4345-B1B4-3C52A1B93C1B}.Debug|Any CPU.Build.0 = Debug|Any CPU
		{99599640-1833-4345-B1B4-3C52A1B93C1B}.Release|Any CPU.ActiveCfg = Release|Any CPU
		{99599640-1833-4345-B1B4-3C52A1B93C1B}.Release|Any CPU.Build.0 = Release|Any CPU
	EndGlobalSection
	GlobalSection(SolutionProperties) = preSolution
		HideSolutionNode = FALSE
	EndGlobalSection
	GlobalSection(ExtensibilityGlobals) = postSolution
		SolutionGuid = {10EDBC0C-16EC-464A-800E-7593C7DE43B0}
	EndGlobalSection
EndGlobal
